// !$*UTF8*$!
{
	archiveVersion = 1;
	classes = {
	};
	objectVersion = 46;
	objects = {

/* Begin PBXBuildFile section */
		220C0CFF179984EF006D6375 /* CFNumberPad.m in Sources */ = {isa = PBXBuildFile; fileRef = 220C0CFC179984EF006D6375 /* CFNumberPad.m */; };
		220C0D00179984EF006D6375 /* CFNumberPadButton.m in Sources */ = {isa = PBXBuildFile; fileRef = 220C0CFE179984EF006D6375 /* CFNumberPadButton.m */; };
		220C0D03179986DE006D6375 /* CFPurchaseListCell.m in Sources */ = {isa = PBXBuildFile; fileRef = 220C0D02179986DE006D6375 /* CFPurchaseListCell.m */; };
		220C0D05179986FF006D6375 /* CFPurchaseListCell.xib in Resources */ = {isa = PBXBuildFile; fileRef = 220C0D04179986FF006D6375 /* CFPurchaseListCell.xib */; };
		220C0D0D17998AD7006D6375 /* CFIncomeSession.m in Sources */ = {isa = PBXBuildFile; fileRef = 220C0D0C17998AD7006D6375 /* CFIncomeSession.m */; };
		2217000A1796DB0C0046CD3C /* CoreMedia.framework in Frameworks */ = {isa = PBXBuildFile; fileRef = 221700091796DB0C0046CD3C /* CoreMedia.framework */; };
		2217000C1796DB120046CD3C /* CoreVideo.framework in Frameworks */ = {isa = PBXBuildFile; fileRef = 2217000B1796DB120046CD3C /* CoreVideo.framework */; };
		2217000E1796DB1C0046CD3C /* OpenGLES.framework in Frameworks */ = {isa = PBXBuildFile; fileRef = 2217000D1796DB1C0046CD3C /* OpenGLES.framework */; };
		221700101796DB230046CD3C /* AVFoundation.framework in Frameworks */ = {isa = PBXBuildFile; fileRef = 2217000F1796DB230046CD3C /* AVFoundation.framework */; };
		221700131796DBC30046CD3C /* libGPUImage.a in Frameworks */ = {isa = PBXBuildFile; fileRef = 221700031796D9AB0046CD3C /* libGPUImage.a */; };
		2217FC10179658810046CD3C /* CoreImage.framework in Frameworks */ = {isa = PBXBuildFile; fileRef = 2217FC0F179658810046CD3C /* CoreImage.framework */; };
		2217FC1317965D2B0046CD3C /* QuartzCore.framework in Frameworks */ = {isa = PBXBuildFile; fileRef = 2217FC1217965D2B0046CD3C /* QuartzCore.framework */; };
		223BEF09179411D9008A7075 /* UIKit.framework in Frameworks */ = {isa = PBXBuildFile; fileRef = 223BEF08179411D9008A7075 /* UIKit.framework */; };
		223BEF0B179411D9008A7075 /* Foundation.framework in Frameworks */ = {isa = PBXBuildFile; fileRef = 223BEF0A179411D9008A7075 /* Foundation.framework */; };
		223BEF0D179411D9008A7075 /* CoreGraphics.framework in Frameworks */ = {isa = PBXBuildFile; fileRef = 223BEF0C179411D9008A7075 /* CoreGraphics.framework */; };
		223BEF13179411D9008A7075 /* InfoPlist.strings in Resources */ = {isa = PBXBuildFile; fileRef = 223BEF11179411D9008A7075 /* InfoPlist.strings */; };
		223BEF15179411D9008A7075 /* main.m in Sources */ = {isa = PBXBuildFile; fileRef = 223BEF14179411D9008A7075 /* main.m */; };
		223BEF19179411D9008A7075 /* CFAppDelegate.m in Sources */ = {isa = PBXBuildFile; fileRef = 223BEF18179411D9008A7075 /* CFAppDelegate.m */; };
		223BEF1B179411D9008A7075 /* Default.png in Resources */ = {isa = PBXBuildFile; fileRef = 223BEF1A179411D9008A7075 /* Default.png */; };
		223BEF1D179411D9008A7075 /* Default@2x.png in Resources */ = {isa = PBXBuildFile; fileRef = 223BEF1C179411D9008A7075 /* Default@2x.png */; };
		223BEF1F179411D9008A7075 /* Default-568h@2x.png in Resources */ = {isa = PBXBuildFile; fileRef = 223BEF1E179411D9008A7075 /* Default-568h@2x.png */; };
		223BEF22179411D9008A7075 /* CFViewController.m in Sources */ = {isa = PBXBuildFile; fileRef = 223BEF21179411D9008A7075 /* CFViewController.m */; };
		223BEF25179411D9008A7075 /* CFViewController_iPhone.xib in Resources */ = {isa = PBXBuildFile; fileRef = 223BEF23179411D9008A7075 /* CFViewController_iPhone.xib */; };
		223BEF28179411D9008A7075 /* CFViewController_iPad.xib in Resources */ = {isa = PBXBuildFile; fileRef = 223BEF26179411D9008A7075 /* CFViewController_iPad.xib */; };
		22D7D1DA179A788800C8ACD8 /* CFModel.xcdatamodeld in Sources */ = {isa = PBXBuildFile; fileRef = 22D7D1D8179A788800C8ACD8 /* CFModel.xcdatamodeld */; };
		22D7D1DD179A7A9400C8ACD8 /* IncomeSession.m in Sources */ = {isa = PBXBuildFile; fileRef = 22D7D1DC179A7A9400C8ACD8 /* IncomeSession.m */; };
		22D7D1E0179A7A9D00C8ACD8 /* SavingsGoal.m in Sources */ = {isa = PBXBuildFile; fileRef = 22D7D1DF179A7A9D00C8ACD8 /* SavingsGoal.m */; };
/* End PBXBuildFile section */

/* Begin PBXContainerItemProxy section */
		221700021796D9AB0046CD3C /* PBXContainerItemProxy */ = {
			isa = PBXContainerItemProxy;
			containerPortal = 2217FFFC1796D9AA0046CD3C /* GPUImage.xcodeproj */;
			proxyType = 2;
			remoteGlobalIDString = BCF1A33414DDB1EC00852800;
			remoteInfo = GPUImage;
		};
		221700041796D9AB0046CD3C /* PBXContainerItemProxy */ = {
			isa = PBXContainerItemProxy;
			containerPortal = 2217FFFC1796D9AA0046CD3C /* GPUImage.xcodeproj */;
			proxyType = 2;
			remoteGlobalIDString = BCF1A34414DDB1EC00852800;
			remoteInfo = GPUImageTests;
		};
		221700111796DBAC0046CD3C /* PBXContainerItemProxy */ = {
			isa = PBXContainerItemProxy;
			containerPortal = 2217FFFC1796D9AA0046CD3C /* GPUImage.xcodeproj */;
			proxyType = 1;
			remoteGlobalIDString = BCF1A33314DDB1EC00852800;
			remoteInfo = GPUImage;
		};
/* End PBXContainerItemProxy section */

/* Begin PBXFileReference section */
		220C0CFB179984EF006D6375 /* CFNumberPad.h */ = {isa = PBXFileReference; fileEncoding = 4; lastKnownFileType = sourcecode.c.h; path = CFNumberPad.h; sourceTree = "<group>"; };
		220C0CFC179984EF006D6375 /* CFNumberPad.m */ = {isa = PBXFileReference; fileEncoding = 4; lastKnownFileType = sourcecode.c.objc; path = CFNumberPad.m; sourceTree = "<group>"; };
		220C0CFD179984EF006D6375 /* CFNumberPadButton.h */ = {isa = PBXFileReference; fileEncoding = 4; lastKnownFileType = sourcecode.c.h; path = CFNumberPadButton.h; sourceTree = "<group>"; };
		220C0CFE179984EF006D6375 /* CFNumberPadButton.m */ = {isa = PBXFileReference; fileEncoding = 4; lastKnownFileType = sourcecode.c.objc; path = CFNumberPadButton.m; sourceTree = "<group>"; };
		220C0D01179986DE006D6375 /* CFPurchaseListCell.h */ = {isa = PBXFileReference; fileEncoding = 4; lastKnownFileType = sourcecode.c.h; path = CFPurchaseListCell.h; sourceTree = "<group>"; };
		220C0D02179986DE006D6375 /* CFPurchaseListCell.m */ = {isa = PBXFileReference; fileEncoding = 4; lastKnownFileType = sourcecode.c.objc; path = CFPurchaseListCell.m; sourceTree = "<group>"; };
		220C0D04179986FF006D6375 /* CFPurchaseListCell.xib */ = {isa = PBXFileReference; fileEncoding = 4; lastKnownFileType = file.xib; path = CFPurchaseListCell.xib; sourceTree = "<group>"; };
		220C0D0B17998AD7006D6375 /* CFIncomeSession.h */ = {isa = PBXFileReference; fileEncoding = 4; lastKnownFileType = sourcecode.c.h; path = CFIncomeSession.h; sourceTree = "<group>"; };
		220C0D0C17998AD7006D6375 /* CFIncomeSession.m */ = {isa = PBXFileReference; fileEncoding = 4; lastKnownFileType = sourcecode.c.objc; path = CFIncomeSession.m; sourceTree = "<group>"; };
		221700091796DB0C0046CD3C /* CoreMedia.framework */ = {isa = PBXFileReference; lastKnownFileType = wrapper.framework; name = CoreMedia.framework; path = System/Library/Frameworks/CoreMedia.framework; sourceTree = SDKROOT; };
		2217000B1796DB120046CD3C /* CoreVideo.framework */ = {isa = PBXFileReference; lastKnownFileType = wrapper.framework; name = CoreVideo.framework; path = System/Library/Frameworks/CoreVideo.framework; sourceTree = SDKROOT; };
		2217000D1796DB1C0046CD3C /* OpenGLES.framework */ = {isa = PBXFileReference; lastKnownFileType = wrapper.framework; name = OpenGLES.framework; path = System/Library/Frameworks/OpenGLES.framework; sourceTree = SDKROOT; };
		2217000F1796DB230046CD3C /* AVFoundation.framework */ = {isa = PBXFileReference; lastKnownFileType = wrapper.framework; name = AVFoundation.framework; path = System/Library/Frameworks/AVFoundation.framework; sourceTree = SDKROOT; };
		2217FC0F179658810046CD3C /* CoreImage.framework */ = {isa = PBXFileReference; lastKnownFileType = wrapper.framework; name = CoreImage.framework; path = System/Library/Frameworks/CoreImage.framework; sourceTree = SDKROOT; };
		2217FC1217965D2B0046CD3C /* QuartzCore.framework */ = {isa = PBXFileReference; lastKnownFileType = wrapper.framework; name = QuartzCore.framework; path = System/Library/Frameworks/QuartzCore.framework; sourceTree = SDKROOT; };
		2217FFFC1796D9AA0046CD3C /* GPUImage.xcodeproj */ = {isa = PBXFileReference; lastKnownFileType = "wrapper.pb-project"; name = GPUImage.xcodeproj; path = GPUImage/framework/GPUImage.xcodeproj; sourceTree = "<group>"; };
		223BEF05179411D9008A7075 /* CashFLow.app */ = {isa = PBXFileReference; explicitFileType = wrapper.application; includeInIndex = 0; path = CashFLow.app; sourceTree = BUILT_PRODUCTS_DIR; };
		223BEF08179411D9008A7075 /* UIKit.framework */ = {isa = PBXFileReference; lastKnownFileType = wrapper.framework; name = UIKit.framework; path = System/Library/Frameworks/UIKit.framework; sourceTree = SDKROOT; };
		223BEF0A179411D9008A7075 /* Foundation.framework */ = {isa = PBXFileReference; lastKnownFileType = wrapper.framework; name = Foundation.framework; path = System/Library/Frameworks/Foundation.framework; sourceTree = SDKROOT; };
		223BEF0C179411D9008A7075 /* CoreGraphics.framework */ = {isa = PBXFileReference; lastKnownFileType = wrapper.framework; name = CoreGraphics.framework; path = System/Library/Frameworks/CoreGraphics.framework; sourceTree = SDKROOT; };
		223BEF10179411D9008A7075 /* CashFLow-Info.plist */ = {isa = PBXFileReference; lastKnownFileType = text.plist.xml; path = "CashFLow-Info.plist"; sourceTree = "<group>"; };
		223BEF12179411D9008A7075 /* en */ = {isa = PBXFileReference; lastKnownFileType = text.plist.strings; name = en; path = en.lproj/InfoPlist.strings; sourceTree = "<group>"; };
		223BEF14179411D9008A7075 /* main.m */ = {isa = PBXFileReference; lastKnownFileType = sourcecode.c.objc; path = main.m; sourceTree = "<group>"; };
		223BEF16179411D9008A7075 /* CashFLow-Prefix.pch */ = {isa = PBXFileReference; lastKnownFileType = sourcecode.c.h; path = "CashFLow-Prefix.pch"; sourceTree = "<group>"; };
		223BEF17179411D9008A7075 /* CFAppDelegate.h */ = {isa = PBXFileReference; lastKnownFileType = sourcecode.c.h; path = CFAppDelegate.h; sourceTree = "<group>"; };
		223BEF18179411D9008A7075 /* CFAppDelegate.m */ = {isa = PBXFileReference; lastKnownFileType = sourcecode.c.objc; path = CFAppDelegate.m; sourceTree = "<group>"; };
		223BEF1A179411D9008A7075 /* Default.png */ = {isa = PBXFileReference; lastKnownFileType = image.png; path = Default.png; sourceTree = "<group>"; };
		223BEF1C179411D9008A7075 /* Default@2x.png */ = {isa = PBXFileReference; lastKnownFileType = image.png; path = "Default@2x.png"; sourceTree = "<group>"; };
		223BEF1E179411D9008A7075 /* Default-568h@2x.png */ = {isa = PBXFileReference; lastKnownFileType = image.png; path = "Default-568h@2x.png"; sourceTree = "<group>"; };
		223BEF20179411D9008A7075 /* CFViewController.h */ = {isa = PBXFileReference; lastKnownFileType = sourcecode.c.h; path = CFViewController.h; sourceTree = "<group>"; };
		223BEF21179411D9008A7075 /* CFViewController.m */ = {isa = PBXFileReference; lastKnownFileType = sourcecode.c.objc; path = CFViewController.m; sourceTree = "<group>"; };
		223BEF24179411D9008A7075 /* en */ = {isa = PBXFileReference; lastKnownFileType = file.xib; name = en; path = en.lproj/CFViewController_iPhone.xib; sourceTree = "<group>"; };
		223BEF27179411D9008A7075 /* en */ = {isa = PBXFileReference; lastKnownFileType = file.xib; name = en; path = en.lproj/CFViewController_iPad.xib; sourceTree = "<group>"; };
		22D7D1D9179A788800C8ACD8 /* CFModel.xcdatamodel */ = {isa = PBXFileReference; lastKnownFileType = wrapper.xcdatamodel; path = CFModel.xcdatamodel; sourceTree = "<group>"; };
		22D7D1DB179A7A9400C8ACD8 /* IncomeSession.h */ = {isa = PBXFileReference; fileEncoding = 4; lastKnownFileType = sourcecode.c.h; name = IncomeSession.h; path = "Core Data/IncomeSession.h"; sourceTree = "<group>"; };
		22D7D1DC179A7A9400C8ACD8 /* IncomeSession.m */ = {isa = PBXFileReference; fileEncoding = 4; lastKnownFileType = sourcecode.c.objc; name = IncomeSession.m; path = "Core Data/IncomeSession.m"; sourceTree = "<group>"; };
		22D7D1DE179A7A9D00C8ACD8 /* SavingsGoal.h */ = {isa = PBXFileReference; fileEncoding = 4; lastKnownFileType = sourcecode.c.h; name = SavingsGoal.h; path = "Core Data/SavingsGoal.h"; sourceTree = "<group>"; };
		22D7D1DF179A7A9D00C8ACD8 /* SavingsGoal.m */ = {isa = PBXFileReference; fileEncoding = 4; lastKnownFileType = sourcecode.c.objc; name = SavingsGoal.m; path = "Core Data/SavingsGoal.m"; sourceTree = "<group>"; };
/* End PBXFileReference section */

/* Begin PBXFrameworksBuildPhase section */
		223BEF02179411D9008A7075 /* Frameworks */ = {
			isa = PBXFrameworksBuildPhase;
			buildActionMask = 2147483647;
			files = (
				221700101796DB230046CD3C /* AVFoundation.framework in Frameworks */,
				2217000E1796DB1C0046CD3C /* OpenGLES.framework in Frameworks */,
				2217000C1796DB120046CD3C /* CoreVideo.framework in Frameworks */,
				2217000A1796DB0C0046CD3C /* CoreMedia.framework in Frameworks */,
				2217FC1317965D2B0046CD3C /* QuartzCore.framework in Frameworks */,
				2217FC10179658810046CD3C /* CoreImage.framework in Frameworks */,
				223BEF09179411D9008A7075 /* UIKit.framework in Frameworks */,
				223BEF0B179411D9008A7075 /* Foundation.framework in Frameworks */,
				223BEF0D179411D9008A7075 /* CoreGraphics.framework in Frameworks */,
				221700131796DBC30046CD3C /* libGPUImage.a in Frameworks */,
			);
			runOnlyForDeploymentPostprocessing = 0;
		};
/* End PBXFrameworksBuildPhase section */

/* Begin PBXGroup section */
		220C0CFA179984EF006D6375 /* CFNumberPad */ = {
			isa = PBXGroup;
			children = (
				220C0CFB179984EF006D6375 /* CFNumberPad.h */,
				220C0CFC179984EF006D6375 /* CFNumberPad.m */,
				220C0CFD179984EF006D6375 /* CFNumberPadButton.h */,
				220C0CFE179984EF006D6375 /* CFNumberPadButton.m */,
			);
			path = CFNumberPad;
			sourceTree = "<group>";
		};
		220C0D0A17998AD7006D6375 /* CFIncomeSession */ = {
			isa = PBXGroup;
			children = (
				220C0D0B17998AD7006D6375 /* CFIncomeSession.h */,
				220C0D0C17998AD7006D6375 /* CFIncomeSession.m */,
			);
			path = CFIncomeSession;
			sourceTree = "<group>";
		};
		2217FFFD1796D9AA0046CD3C /* Products */ = {
			isa = PBXGroup;
			children = (
				221700031796D9AB0046CD3C /* libGPUImage.a */,
				221700051796D9AB0046CD3C /* GPUImageTests.octest */,
			);
			name = Products;
			sourceTree = "<group>";
		};
		223BEEFC179411D9008A7075 = {
			isa = PBXGroup;
			children = (
				2217FFFC1796D9AA0046CD3C /* GPUImage.xcodeproj */,
				223BEF0E179411D9008A7075 /* CashFLow */,
				223BEF07179411D9008A7075 /* Frameworks */,
				223BEF06179411D9008A7075 /* Products */,
			);
			sourceTree = "<group>";
		};
		223BEF06179411D9008A7075 /* Products */ = {
			isa = PBXGroup;
			children = (
				223BEF05179411D9008A7075 /* CashFLow.app */,
			);
			name = Products;
			sourceTree = "<group>";
		};
		223BEF07179411D9008A7075 /* Frameworks */ = {
			isa = PBXGroup;
			children = (
				2217000F1796DB230046CD3C /* AVFoundation.framework */,
				2217000D1796DB1C0046CD3C /* OpenGLES.framework */,
				2217000B1796DB120046CD3C /* CoreVideo.framework */,
				221700091796DB0C0046CD3C /* CoreMedia.framework */,
				2217FC1217965D2B0046CD3C /* QuartzCore.framework */,
				2217FC0F179658810046CD3C /* CoreImage.framework */,
				223BEF08179411D9008A7075 /* UIKit.framework */,
				223BEF0A179411D9008A7075 /* Foundation.framework */,
				223BEF0C179411D9008A7075 /* CoreGraphics.framework */,
			);
			name = Frameworks;
			sourceTree = "<group>";
		};
		223BEF0E179411D9008A7075 /* CashFLow */ = {
			isa = PBXGroup;
			children = (
				223BEF17179411D9008A7075 /* CFAppDelegate.h */,
				223BEF18179411D9008A7075 /* CFAppDelegate.m */,
				223BEF20179411D9008A7075 /* CFViewController.h */,
				223BEF21179411D9008A7075 /* CFViewController.m */,
				223BEF23179411D9008A7075 /* CFViewController_iPhone.xib */,
				223BEF26179411D9008A7075 /* CFViewController_iPad.xib */,
				220C0D01179986DE006D6375 /* CFPurchaseListCell.h */,
				220C0D02179986DE006D6375 /* CFPurchaseListCell.m */,
				220C0D04179986FF006D6375 /* CFPurchaseListCell.xib */,
				220C0D0A17998AD7006D6375 /* CFIncomeSession */,
				22D7D1D5179A787000C8ACD8 /* Core Data */,
				220C0CFA179984EF006D6375 /* CFNumberPad */,
				223BEF0F179411D9008A7075 /* Supporting Files */,
			);
			path = CashFLow;
			sourceTree = "<group>";
		};
		223BEF0F179411D9008A7075 /* Supporting Files */ = {
			isa = PBXGroup;
			children = (
				223BEF10179411D9008A7075 /* CashFLow-Info.plist */,
				223BEF11179411D9008A7075 /* InfoPlist.strings */,
				223BEF14179411D9008A7075 /* main.m */,
				223BEF16179411D9008A7075 /* CashFLow-Prefix.pch */,
				223BEF1A179411D9008A7075 /* Default.png */,
				223BEF1C179411D9008A7075 /* Default@2x.png */,
				223BEF1E179411D9008A7075 /* Default-568h@2x.png */,
			);
			name = "Supporting Files";
			sourceTree = "<group>";
		};
		22D7D1D5179A787000C8ACD8 /* Core Data */ = {
			isa = PBXGroup;
			children = (
				22D7D1D8179A788800C8ACD8 /* CFModel.xcdatamodeld */,
				22D7D1DE179A7A9D00C8ACD8 /* SavingsGoal.h */,
				22D7D1DF179A7A9D00C8ACD8 /* SavingsGoal.m */,
				22D7D1DB179A7A9400C8ACD8 /* IncomeSession.h */,
				22D7D1DC179A7A9400C8ACD8 /* IncomeSession.m */,
			);
			name = "Core Data";
			sourceTree = "<group>";
		};
/* End PBXGroup section */

/* Begin PBXNativeTarget section */
		223BEF04179411D9008A7075 /* CashFLow */ = {
			isa = PBXNativeTarget;
			buildConfigurationList = 223BEF2B179411D9008A7075 /* Build configuration list for PBXNativeTarget "CashFLow" */;
			buildPhases = (
				223BEF01179411D9008A7075 /* Sources */,
				223BEF02179411D9008A7075 /* Frameworks */,
				223BEF03179411D9008A7075 /* Resources */,
			);
			buildRules = (
			);
			dependencies = (
				221700121796DBAC0046CD3C /* PBXTargetDependency */,
			);
			name = CashFLow;
			productName = CashFLow;
			productReference = 223BEF05179411D9008A7075 /* CashFLow.app */;
			productType = "com.apple.product-type.application";
		};
/* End PBXNativeTarget section */

/* Begin PBXProject section */
		223BEEFD179411D9008A7075 /* Project object */ = {
			isa = PBXProject;
			attributes = {
				CLASSPREFIX = CF;
				LastUpgradeCheck = 0460;
				ORGANIZATIONNAME = "Sam Watson";
			};
			buildConfigurationList = 223BEF00179411D9008A7075 /* Build configuration list for PBXProject "CashFLow" */;
			compatibilityVersion = "Xcode 3.2";
			developmentRegion = English;
			hasScannedForEncodings = 0;
			knownRegions = (
				en,
			);
			mainGroup = 223BEEFC179411D9008A7075;
			productRefGroup = 223BEF06179411D9008A7075 /* Products */;
			projectDirPath = "";
			projectReferences = (
				{
					ProductGroup = 2217FFFD1796D9AA0046CD3C /* Products */;
					ProjectRef = 2217FFFC1796D9AA0046CD3C /* GPUImage.xcodeproj */;
				},
			);
			projectRoot = "";
			targets = (
				223BEF04179411D9008A7075 /* CashFLow */,
			);
		};
/* End PBXProject section */

/* Begin PBXReferenceProxy section */
		221700031796D9AB0046CD3C /* libGPUImage.a */ = {
			isa = PBXReferenceProxy;
			fileType = archive.ar;
			path = libGPUImage.a;
			remoteRef = 221700021796D9AB0046CD3C /* PBXContainerItemProxy */;
			sourceTree = BUILT_PRODUCTS_DIR;
		};
		221700051796D9AB0046CD3C /* GPUImageTests.octest */ = {
			isa = PBXReferenceProxy;
			fileType = wrapper.cfbundle;
			path = GPUImageTests.octest;
			remoteRef = 221700041796D9AB0046CD3C /* PBXContainerItemProxy */;
			sourceTree = BUILT_PRODUCTS_DIR;
		};
/* End PBXReferenceProxy section */

/* Begin PBXResourcesBuildPhase section */
		223BEF03179411D9008A7075 /* Resources */ = {
			isa = PBXResourcesBuildPhase;
			buildActionMask = 2147483647;
			files = (
				223BEF13179411D9008A7075 /* InfoPlist.strings in Resources */,
				223BEF1B179411D9008A7075 /* Default.png in Resources */,
				223BEF1D179411D9008A7075 /* Default@2x.png in Resources */,
				223BEF1F179411D9008A7075 /* Default-568h@2x.png in Resources */,
				223BEF25179411D9008A7075 /* CFViewController_iPhone.xib in Resources */,
				223BEF28179411D9008A7075 /* CFViewController_iPad.xib in Resources */,
				220C0D05179986FF006D6375 /* CFPurchaseListCell.xib in Resources */,
			);
			runOnlyForDeploymentPostprocessing = 0;
		};
/* End PBXResourcesBuildPhase section */

/* Begin PBXSourcesBuildPhase section */
		223BEF01179411D9008A7075 /* Sources */ = {
			isa = PBXSourcesBuildPhase;
			buildActionMask = 2147483647;
			files = (
				223BEF15179411D9008A7075 /* main.m in Sources */,
				223BEF19179411D9008A7075 /* CFAppDelegate.m in Sources */,
				223BEF22179411D9008A7075 /* CFViewController.m in Sources */,
				220C0CFF179984EF006D6375 /* CFNumberPad.m in Sources */,
				220C0D00179984EF006D6375 /* CFNumberPadButton.m in Sources */,
				220C0D03179986DE006D6375 /* CFPurchaseListCell.m in Sources */,
				220C0D0D17998AD7006D6375 /* CFIncomeSession.m in Sources */,
				22D7D1DA179A788800C8ACD8 /* CFModel.xcdatamodeld in Sources */,
				22D7D1DD179A7A9400C8ACD8 /* IncomeSession.m in Sources */,
				22D7D1E0179A7A9D00C8ACD8 /* SavingsGoal.m in Sources */,
			);
			runOnlyForDeploymentPostprocessing = 0;
		};
/* End PBXSourcesBuildPhase section */

/* Begin PBXTargetDependency section */
		221700121796DBAC0046CD3C /* PBXTargetDependency */ = {
			isa = PBXTargetDependency;
			name = GPUImage;
			targetProxy = 221700111796DBAC0046CD3C /* PBXContainerItemProxy */;
		};
/* End PBXTargetDependency section */

/* Begin PBXVariantGroup section */
		223BEF11179411D9008A7075 /* InfoPlist.strings */ = {
			isa = PBXVariantGroup;
			children = (
				223BEF12179411D9008A7075 /* en */,
			);
			name = InfoPlist.strings;
			sourceTree = "<group>";
		};
		223BEF23179411D9008A7075 /* CFViewController_iPhone.xib */ = {
			isa = PBXVariantGroup;
			children = (
				223BEF24179411D9008A7075 /* en */,
			);
			name = CFViewController_iPhone.xib;
			sourceTree = "<group>";
		};
		223BEF26179411D9008A7075 /* CFViewController_iPad.xib */ = {
			isa = PBXVariantGroup;
			children = (
				223BEF27179411D9008A7075 /* en */,
			);
			name = CFViewController_iPad.xib;
			sourceTree = "<group>";
		};
/* End PBXVariantGroup section */

/* Begin XCBuildConfiguration section */
		223BEF29179411D9008A7075 /* Debug */ = {
			isa = XCBuildConfiguration;
			buildSettings = {
				ALWAYS_SEARCH_USER_PATHS = NO;
				CLANG_CXX_LANGUAGE_STANDARD = "gnu++0x";
				CLANG_CXX_LIBRARY = "libc++";
				CLANG_ENABLE_OBJC_ARC = YES;
				CLANG_WARN_CONSTANT_CONVERSION = YES;
				CLANG_WARN_EMPTY_BODY = YES;
				CLANG_WARN_ENUM_CONVERSION = YES;
				CLANG_WARN_INT_CONVERSION = YES;
				CLANG_WARN__DUPLICATE_METHOD_MATCH = YES;
				"CODE_SIGN_IDENTITY[sdk=iphoneos*]" = "iPhone Developer";
				COPY_PHASE_STRIP = NO;
				GCC_C_LANGUAGE_STANDARD = gnu99;
				GCC_DYNAMIC_NO_PIC = NO;
				GCC_OPTIMIZATION_LEVEL = 0;
				GCC_PREPROCESSOR_DEFINITIONS = (
					"DEBUG=1",
					"$(inherited)",
				);
				GCC_SYMBOLS_PRIVATE_EXTERN = NO;
				GCC_WARN_ABOUT_RETURN_TYPE = YES;
				GCC_WARN_UNINITIALIZED_AUTOS = YES;
				GCC_WARN_UNUSED_VARIABLE = YES;
				IPHONEOS_DEPLOYMENT_TARGET = 6.1;
				ONLY_ACTIVE_ARCH = YES;
				SDKROOT = iphoneos;
				TARGETED_DEVICE_FAMILY = "1,2";
			};
			name = Debug;
		};
		223BEF2A179411D9008A7075 /* Release */ = {
			isa = XCBuildConfiguration;
			buildSettings = {
				ALWAYS_SEARCH_USER_PATHS = NO;
				CLANG_CXX_LANGUAGE_STANDARD = "gnu++0x";
				CLANG_CXX_LIBRARY = "libc++";
				CLANG_ENABLE_OBJC_ARC = YES;
				CLANG_WARN_CONSTANT_CONVERSION = YES;
				CLANG_WARN_EMPTY_BODY = YES;
				CLANG_WARN_ENUM_CONVERSION = YES;
				CLANG_WARN_INT_CONVERSION = YES;
				CLANG_WARN__DUPLICATE_METHOD_MATCH = YES;
				"CODE_SIGN_IDENTITY[sdk=iphoneos*]" = "iPhone Developer";
				COPY_PHASE_STRIP = YES;
				GCC_C_LANGUAGE_STANDARD = gnu99;
				GCC_WARN_ABOUT_RETURN_TYPE = YES;
				GCC_WARN_UNINITIALIZED_AUTOS = YES;
				GCC_WARN_UNUSED_VARIABLE = YES;
				IPHONEOS_DEPLOYMENT_TARGET = 6.1;
				OTHER_CFLAGS = "-DNS_BLOCK_ASSERTIONS=1";
				SDKROOT = iphoneos;
				TARGETED_DEVICE_FAMILY = "1,2";
				VALIDATE_PRODUCT = YES;
			};
			name = Release;
		};
		223BEF2C179411D9008A7075 /* Debug */ = {
			isa = XCBuildConfiguration;
			buildSettings = {
				GCC_PRECOMPILE_PREFIX_HEADER = YES;
				GCC_PREFIX_HEADER = "CashFLow/CashFLow-Prefix.pch";
				HEADER_SEARCH_PATHS = "GPUImage/framework/**";
				INFOPLIST_FILE = "CashFLow/CashFLow-Info.plist";
				PRODUCT_NAME = "$(TARGET_NAME)";
				TARGETED_DEVICE_FAMILY = 1;
				WRAPPER_EXTENSION = app;
			};
			name = Debug;
		};
		223BEF2D179411D9008A7075 /* Release */ = {
			isa = XCBuildConfiguration;
			buildSettings = {
				GCC_PRECOMPILE_PREFIX_HEADER = YES;
				GCC_PREFIX_HEADER = "CashFLow/CashFLow-Prefix.pch";
				HEADER_SEARCH_PATHS = "GPUImage/framework/**";
				INFOPLIST_FILE = "CashFLow/CashFLow-Info.plist";
				PRODUCT_NAME = "$(TARGET_NAME)";
				TARGETED_DEVICE_FAMILY = 1;
				WRAPPER_EXTENSION = app;
			};
			name = Release;
		};
/* End XCBuildConfiguration section */

/* Begin XCConfigurationList section */
		223BEF00179411D9008A7075 /* Build configuration list for PBXProject "CashFLow" */ = {
			isa = XCConfigurationList;
			buildConfigurations = (
				223BEF29179411D9008A7075 /* Debug */,
				223BEF2A179411D9008A7075 /* Release */,
			);
			defaultConfigurationIsVisible = 0;
			defaultConfigurationName = Release;
		};
		223BEF2B179411D9008A7075 /* Build configuration list for PBXNativeTarget "CashFLow" */ = {
			isa = XCConfigurationList;
			buildConfigurations = (
				223BEF2C179411D9008A7075 /* Debug */,
				223BEF2D179411D9008A7075 /* Release */,
			);
			defaultConfigurationIsVisible = 0;
			defaultConfigurationName = Release;
		};
/* End XCConfigurationList section */

/* Begin XCVersionGroup section */
		22D7D1D8179A788800C8ACD8 /* CFModel.xcdatamodeld */ = {
			isa = XCVersionGroup;
			children = (
				22D7D1D9179A788800C8ACD8 /* CFModel.xcdatamodel */,
			);
			currentVersion = 22D7D1D9179A788800C8ACD8 /* CFModel.xcdatamodel */;
			path = CFModel.xcdatamodeld;
			sourceTree = "<group>";
			versionGroupType = wrapper.xcdatamodel;
		};
/* End XCVersionGroup section */
	};
	rootObject = 223BEEFD179411D9008A7075 /* Project object */;
}
