// !$*UTF8*$!
{
	archiveVersion = 1;
	classes = {
	};
	objectVersion = 46;
	objects = {

/* Begin PBXBuildFile section */
		2217FC10179658810046CD3C /* CoreImage.framework in Frameworks */ = {isa = PBXBuildFile; fileRef = 2217FC0F179658810046CD3C /* CoreImage.framework */; };
		2217FC1317965D2B0046CD3C /* QuartzCore.framework in Frameworks */ = {isa = PBXBuildFile; fileRef = 2217FC1217965D2B0046CD3C /* QuartzCore.framework */; };
		2217FC161796CA4F0046CD3C /* CFNumberPadButton.m in Sources */ = {isa = PBXBuildFile; fileRef = 2217FC151796CA4F0046CD3C /* CFNumberPadButton.m */; };
		223BEF09179411D9008A7075 /* UIKit.framework in Frameworks */ = {isa = PBXBuildFile; fileRef = 223BEF08179411D9008A7075 /* UIKit.framework */; };
		223BEF0B179411D9008A7075 /* Foundation.framework in Frameworks */ = {isa = PBXBuildFile; fileRef = 223BEF0A179411D9008A7075 /* Foundation.framework */; };
		223BEF0D179411D9008A7075 /* CoreGraphics.framework in Frameworks */ = {isa = PBXBuildFile; fileRef = 223BEF0C179411D9008A7075 /* CoreGraphics.framework */; };
		223BEF13179411D9008A7075 /* InfoPlist.strings in Resources */ = {isa = PBXBuildFile; fileRef = 223BEF11179411D9008A7075 /* InfoPlist.strings */; };
		223BEF15179411D9008A7075 /* main.m in Sources */ = {isa = PBXBuildFile; fileRef = 223BEF14179411D9008A7075 /* main.m */; };
		223BEF19179411D9008A7075 /* CFAppDelegate.m in Sources */ = {isa = PBXBuildFile; fileRef = 223BEF18179411D9008A7075 /* CFAppDelegate.m */; };
		223BEF1B179411D9008A7075 /* Default.png in Resources */ = {isa = PBXBuildFile; fileRef = 223BEF1A179411D9008A7075 /* Default.png */; };
		223BEF1D179411D9008A7075 /* Default@2x.png in Resources */ = {isa = PBXBuildFile; fileRef = 223BEF1C179411D9008A7075 /* Default@2x.png */; };
		223BEF1F179411D9008A7075 /* Default-568h@2x.png in Resources */ = {isa = PBXBuildFile; fileRef = 223BEF1E179411D9008A7075 /* Default-568h@2x.png */; };
		223BEF22179411D9008A7075 /* CFViewController.m in Sources */ = {isa = PBXBuildFile; fileRef = 223BEF21179411D9008A7075 /* CFViewController.m */; };
		223BEF25179411D9008A7075 /* CFViewController_iPhone.xib in Resources */ = {isa = PBXBuildFile; fileRef = 223BEF23179411D9008A7075 /* CFViewController_iPhone.xib */; };
		223BEF28179411D9008A7075 /* CFViewController_iPad.xib in Resources */ = {isa = PBXBuildFile; fileRef = 223BEF26179411D9008A7075 /* CFViewController_iPad.xib */; };
/* End PBXBuildFile section */

/* Begin PBXFileReference section */
		2217FC0F179658810046CD3C /* CoreImage.framework */ = {isa = PBXFileReference; lastKnownFileType = wrapper.framework; name = CoreImage.framework; path = System/Library/Frameworks/CoreImage.framework; sourceTree = SDKROOT; };
		2217FC1217965D2B0046CD3C /* QuartzCore.framework */ = {isa = PBXFileReference; lastKnownFileType = wrapper.framework; name = QuartzCore.framework; path = System/Library/Frameworks/QuartzCore.framework; sourceTree = SDKROOT; };
		2217FC141796CA4F0046CD3C /* CFNumberPadButton.h */ = {isa = PBXFileReference; fileEncoding = 4; lastKnownFileType = sourcecode.c.h; path = CFNumberPadButton.h; sourceTree = "<group>"; };
		2217FC151796CA4F0046CD3C /* CFNumberPadButton.m */ = {isa = PBXFileReference; fileEncoding = 4; lastKnownFileType = sourcecode.c.objc; path = CFNumberPadButton.m; sourceTree = "<group>"; };
		223BEF05179411D9008A7075 /* CashFLow.app */ = {isa = PBXFileReference; explicitFileType = wrapper.application; includeInIndex = 0; path = CashFLow.app; sourceTree = BUILT_PRODUCTS_DIR; };
		223BEF08179411D9008A7075 /* UIKit.framework */ = {isa = PBXFileReference; lastKnownFileType = wrapper.framework; name = UIKit.framework; path = System/Library/Frameworks/UIKit.framework; sourceTree = SDKROOT; };
		223BEF0A179411D9008A7075 /* Foundation.framework */ = {isa = PBXFileReference; lastKnownFileType = wrapper.framework; name = Foundation.framework; path = System/Library/Frameworks/Foundation.framework; sourceTree = SDKROOT; };
		223BEF0C179411D9008A7075 /* CoreGraphics.framework */ = {isa = PBXFileReference; lastKnownFileType = wrapper.framework; name = CoreGraphics.framework; path = System/Library/Frameworks/CoreGraphics.framework; sourceTree = SDKROOT; };
		223BEF10179411D9008A7075 /* CashFLow-Info.plist */ = {isa = PBXFileReference; lastKnownFileType = text.plist.xml; path = "CashFLow-Info.plist"; sourceTree = "<group>"; };
		223BEF12179411D9008A7075 /* en */ = {isa = PBXFileReference; lastKnownFileType = text.plist.strings; name = en; path = en.lproj/InfoPlist.strings; sourceTree = "<group>"; };
		223BEF14179411D9008A7075 /* main.m */ = {isa = PBXFileReference; lastKnownFileType = sourcecode.c.objc; path = main.m; sourceTree = "<group>"; };
		223BEF16179411D9008A7075 /* CashFLow-Prefix.pch */ = {isa = PBXFileReference; lastKnownFileType = sourcecode.c.h; path = "CashFLow-Prefix.pch"; sourceTree = "<group>"; };
		223BEF17179411D9008A7075 /* CFAppDelegate.h */ = {isa = PBXFileReference; lastKnownFileType = sourcecode.c.h; path = CFAppDelegate.h; sourceTree = "<group>"; };
		223BEF18179411D9008A7075 /* CFAppDelegate.m */ = {isa = PBXFileReference; lastKnownFileType = sourcecode.c.objc; path = CFAppDelegate.m; sourceTree = "<group>"; };
		223BEF1A179411D9008A7075 /* Default.png */ = {isa = PBXFileReference; lastKnownFileType = image.png; path = Default.png; sourceTree = "<group>"; };
		223BEF1C179411D9008A7075 /* Default@2x.png */ = {isa = PBXFileReference; lastKnownFileType = image.png; path = "Default@2x.png"; sourceTree = "<group>"; };
		223BEF1E179411D9008A7075 /* Default-568h@2x.png */ = {isa = PBXFileReference; lastKnownFileType = image.png; path = "Default-568h@2x.png"; sourceTree = "<group>"; };
		223BEF20179411D9008A7075 /* CFViewController.h */ = {isa = PBXFileReference; lastKnownFileType = sourcecode.c.h; path = CFViewController.h; sourceTree = "<group>"; };
		223BEF21179411D9008A7075 /* CFViewController.m */ = {isa = PBXFileReference; lastKnownFileType = sourcecode.c.objc; path = CFViewController.m; sourceTree = "<group>"; };
		223BEF24179411D9008A7075 /* en */ = {isa = PBXFileReference; lastKnownFileType = file.xib; name = en; path = en.lproj/CFViewController_iPhone.xib; sourceTree = "<group>"; };
		223BEF27179411D9008A7075 /* en */ = {isa = PBXFileReference; lastKnownFileType = file.xib; name = en; path = en.lproj/CFViewController_iPad.xib; sourceTree = "<group>"; };
/* End PBXFileReference section */

/* Begin PBXFrameworksBuildPhase section */
		223BEF02179411D9008A7075 /* Frameworks */ = {
			isa = PBXFrameworksBuildPhase;
			buildActionMask = 2147483647;
			files = (
				2217FC1317965D2B0046CD3C /* QuartzCore.framework in Frameworks */,
				2217FC10179658810046CD3C /* CoreImage.framework in Frameworks */,
				223BEF09179411D9008A7075 /* UIKit.framework in Frameworks */,
				223BEF0B179411D9008A7075 /* Foundation.framework in Frameworks */,
				223BEF0D179411D9008A7075 /* CoreGraphics.framework in Frameworks */,
			);
			runOnlyForDeploymentPostprocessing = 0;
		};
/* End PBXFrameworksBuildPhase section */

/* Begin PBXGroup section */
		223BEEFC179411D9008A7075 = {
			isa = PBXGroup;
			children = (
				223BEF0E179411D9008A7075 /* CashFLow */,
				223BEF07179411D9008A7075 /* Frameworks */,
				223BEF06179411D9008A7075 /* Products */,
			);
			sourceTree = "<group>";
		};
		223BEF06179411D9008A7075 /* Products */ = {
			isa = PBXGroup;
			children = (
				223BEF05179411D9008A7075 /* CashFLow.app */,
			);
			name = Products;
			sourceTree = "<group>";
		};
		223BEF07179411D9008A7075 /* Frameworks */ = {
			isa = PBXGroup;
			children = (
				2217FC1217965D2B0046CD3C /* QuartzCore.framework */,
				2217FC0F179658810046CD3C /* CoreImage.framework */,
				223BEF08179411D9008A7075 /* UIKit.framework */,
				223BEF0A179411D9008A7075 /* Foundation.framework */,
				223BEF0C179411D9008A7075 /* CoreGraphics.framework */,
			);
			name = Frameworks;
			sourceTree = "<group>";
		};
		223BEF0E179411D9008A7075 /* CashFLow */ = {
			isa = PBXGroup;
			children = (
				223BEF17179411D9008A7075 /* CFAppDelegate.h */,
				223BEF18179411D9008A7075 /* CFAppDelegate.m */,
				223BEF20179411D9008A7075 /* CFViewController.h */,
				223BEF21179411D9008A7075 /* CFViewController.m */,
				223BEF23179411D9008A7075 /* CFViewController_iPhone.xib */,
				223BEF26179411D9008A7075 /* CFViewController_iPad.xib */,
				2217FC141796CA4F0046CD3C /* CFNumberPadButton.h */,
				2217FC151796CA4F0046CD3C /* CFNumberPadButton.m */,
				223BEF0F179411D9008A7075 /* Supporting Files */,
			);
			path = CashFLow;
			sourceTree = "<group>";
		};
		223BEF0F179411D9008A7075 /* Supporting Files */ = {
			isa = PBXGroup;
			children = (
				223BEF10179411D9008A7075 /* CashFLow-Info.plist */,
				223BEF11179411D9008A7075 /* InfoPlist.strings */,
				223BEF14179411D9008A7075 /* main.m */,
				223BEF16179411D9008A7075 /* CashFLow-Prefix.pch */,
				223BEF1A179411D9008A7075 /* Default.png */,
				223BEF1C179411D9008A7075 /* Default@2x.png */,
				223BEF1E179411D9008A7075 /* Default-568h@2x.png */,
			);
			name = "Supporting Files";
			sourceTree = "<group>";
		};
/* End PBXGroup section */

/* Begin PBXNativeTarget section */
		223BEF04179411D9008A7075 /* CashFLow */ = {
			isa = PBXNativeTarget;
			buildConfigurationList = 223BEF2B179411D9008A7075 /* Build configuration list for PBXNativeTarget "CashFLow" */;
			buildPhases = (
				223BEF01179411D9008A7075 /* Sources */,
				223BEF02179411D9008A7075 /* Frameworks */,
				223BEF03179411D9008A7075 /* Resources */,
			);
			buildRules = (
			);
			dependencies = (
			);
			name = CashFLow;
			productName = CashFLow;
			productReference = 223BEF05179411D9008A7075 /* CashFLow.app */;
			productType = "com.apple.product-type.application";
		};
/* End PBXNativeTarget section */

/* Begin PBXProject section */
		223BEEFD179411D9008A7075 /* Project object */ = {
			isa = PBXProject;
			attributes = {
				CLASSPREFIX = CF;
				LastUpgradeCheck = 0460;
				ORGANIZATIONNAME = "Sam Watson";
			};
			buildConfigurationList = 223BEF00179411D9008A7075 /* Build configuration list for PBXProject "CashFLow" */;
			compatibilityVersion = "Xcode 3.2";
			developmentRegion = English;
			hasScannedForEncodings = 0;
			knownRegions = (
				en,
			);
			mainGroup = 223BEEFC179411D9008A7075;
			productRefGroup = 223BEF06179411D9008A7075 /* Products */;
			projectDirPath = "";
			projectRoot = "";
			targets = (
				223BEF04179411D9008A7075 /* CashFLow */,
			);
		};
/* End PBXProject section */

/* Begin PBXResourcesBuildPhase section */
		223BEF03179411D9008A7075 /* Resources */ = {
			isa = PBXResourcesBuildPhase;
			buildActionMask = 2147483647;
			files = (
				223BEF13179411D9008A7075 /* InfoPlist.strings in Resources */,
				223BEF1B179411D9008A7075 /* Default.png in Resources */,
				223BEF1D179411D9008A7075 /* Default@2x.png in Resources */,
				223BEF1F179411D9008A7075 /* Default-568h@2x.png in Resources */,
				223BEF25179411D9008A7075 /* CFViewController_iPhone.xib in Resources */,
				223BEF28179411D9008A7075 /* CFViewController_iPad.xib in Resources */,
			);
			runOnlyForDeploymentPostprocessing = 0;
		};
/* End PBXResourcesBuildPhase section */

/* Begin PBXSourcesBuildPhase section */
		223BEF01179411D9008A7075 /* Sources */ = {
			isa = PBXSourcesBuildPhase;
			buildActionMask = 2147483647;
			files = (
				223BEF15179411D9008A7075 /* main.m in Sources */,
				223BEF19179411D9008A7075 /* CFAppDelegate.m in Sources */,
				223BEF22179411D9008A7075 /* CFViewController.m in Sources */,
				2217FC161796CA4F0046CD3C /* CFNumberPadButton.m in Sources */,
			);
			runOnlyForDeploymentPostprocessing = 0;
		};
/* End PBXSourcesBuildPhase section */

/* Begin PBXVariantGroup section */
		223BEF11179411D9008A7075 /* InfoPlist.strings */ = {
			isa = PBXVariantGroup;
			children = (
				223BEF12179411D9008A7075 /* en */,
			);
			name = InfoPlist.strings;
			sourceTree = "<group>";
		};
		223BEF23179411D9008A7075 /* CFViewController_iPhone.xib */ = {
			isa = PBXVariantGroup;
			children = (
				223BEF24179411D9008A7075 /* en */,
			);
			name = CFViewController_iPhone.xib;
			sourceTree = "<group>";
		};
		223BEF26179411D9008A7075 /* CFViewController_iPad.xib */ = {
			isa = PBXVariantGroup;
			children = (
				223BEF27179411D9008A7075 /* en */,
			);
			name = CFViewController_iPad.xib;
			sourceTree = "<group>";
		};
/* End PBXVariantGroup section */

/* Begin XCBuildConfiguration section */
		223BEF29179411D9008A7075 /* Debug */ = {
			isa = XCBuildConfiguration;
			buildSettings = {
				ALWAYS_SEARCH_USER_PATHS = NO;
				CLANG_CXX_LANGUAGE_STANDARD = "gnu++0x";
				CLANG_CXX_LIBRARY = "libc++";
				CLANG_ENABLE_OBJC_ARC = YES;
				CLANG_WARN_CONSTANT_CONVERSION = YES;
				CLANG_WARN_EMPTY_BODY = YES;
				CLANG_WARN_ENUM_CONVERSION = YES;
				CLANG_WARN_INT_CONVERSION = YES;
				CLANG_WARN__DUPLICATE_METHOD_MATCH = YES;
				"CODE_SIGN_IDENTITY[sdk=iphoneos*]" = "iPhone Developer";
				COPY_PHASE_STRIP = NO;
				GCC_C_LANGUAGE_STANDARD = gnu99;
				GCC_DYNAMIC_NO_PIC = NO;
				GCC_OPTIMIZATION_LEVEL = 0;
				GCC_PREPROCESSOR_DEFINITIONS = (
					"DEBUG=1",
					"$(inherited)",
				);
				GCC_SYMBOLS_PRIVATE_EXTERN = NO;
				GCC_WARN_ABOUT_RETURN_TYPE = YES;
				GCC_WARN_UNINITIALIZED_AUTOS = YES;
				GCC_WARN_UNUSED_VARIABLE = YES;
				IPHONEOS_DEPLOYMENT_TARGET = 6.1;
				ONLY_ACTIVE_ARCH = YES;
				SDKROOT = iphoneos;
				TARGETED_DEVICE_FAMILY = "1,2";
			};
			name = Debug;
		};
		223BEF2A179411D9008A7075 /* Release */ = {
			isa = XCBuildConfiguration;
			buildSettings = {
				ALWAYS_SEARCH_USER_PATHS = NO;
				CLANG_CXX_LANGUAGE_STANDARD = "gnu++0x";
				CLANG_CXX_LIBRARY = "libc++";
				CLANG_ENABLE_OBJC_ARC = YES;
				CLANG_WARN_CONSTANT_CONVERSION = YES;
				CLANG_WARN_EMPTY_BODY = YES;
				CLANG_WARN_ENUM_CONVERSION = YES;
				CLANG_WARN_INT_CONVERSION = YES;
				CLANG_WARN__DUPLICATE_METHOD_MATCH = YES;
				"CODE_SIGN_IDENTITY[sdk=iphoneos*]" = "iPhone Developer";
				COPY_PHASE_STRIP = YES;
				GCC_C_LANGUAGE_STANDARD = gnu99;
				GCC_WARN_ABOUT_RETURN_TYPE = YES;
				GCC_WARN_UNINITIALIZED_AUTOS = YES;
				GCC_WARN_UNUSED_VARIABLE = YES;
				IPHONEOS_DEPLOYMENT_TARGET = 6.1;
				OTHER_CFLAGS = "-DNS_BLOCK_ASSERTIONS=1";
				SDKROOT = iphoneos;
				TARGETED_DEVICE_FAMILY = "1,2";
				VALIDATE_PRODUCT = YES;
			};
			name = Release;
		};
		223BEF2C179411D9008A7075 /* Debug */ = {
			isa = XCBuildConfiguration;
			buildSettings = {
				GCC_PRECOMPILE_PREFIX_HEADER = YES;
				GCC_PREFIX_HEADER = "CashFLow/CashFLow-Prefix.pch";
				INFOPLIST_FILE = "CashFLow/CashFLow-Info.plist";
				PRODUCT_NAME = "$(TARGET_NAME)";
				TARGETED_DEVICE_FAMILY = 1;
				WRAPPER_EXTENSION = app;
			};
			name = Debug;
		};
		223BEF2D179411D9008A7075 /* Release */ = {
			isa = XCBuildConfiguration;
			buildSettings = {
				GCC_PRECOMPILE_PREFIX_HEADER = YES;
				GCC_PREFIX_HEADER = "CashFLow/CashFLow-Prefix.pch";
				INFOPLIST_FILE = "CashFLow/CashFLow-Info.plist";
				PRODUCT_NAME = "$(TARGET_NAME)";
				TARGETED_DEVICE_FAMILY = 1;
				WRAPPER_EXTENSION = app;
			};
			name = Release;
		};
/* End XCBuildConfiguration section */

/* Begin XCConfigurationList section */
		223BEF00179411D9008A7075 /* Build configuration list for PBXProject "CashFLow" */ = {
			isa = XCConfigurationList;
			buildConfigurations = (
				223BEF29179411D9008A7075 /* Debug */,
				223BEF2A179411D9008A7075 /* Release */,
			);
			defaultConfigurationIsVisible = 0;
			defaultConfigurationName = Release;
		};
		223BEF2B179411D9008A7075 /* Build configuration list for PBXNativeTarget "CashFLow" */ = {
			isa = XCConfigurationList;
			buildConfigurations = (
				223BEF2C179411D9008A7075 /* Debug */,
				223BEF2D179411D9008A7075 /* Release */,
			);
			defaultConfigurationIsVisible = 0;
			defaultConfigurationName = Release;
		};
/* End XCConfigurationList section */
	};
	rootObject = 223BEEFD179411D9008A7075 /* Project object */;
}
